/***************************************************************************
 *
 * PROJECT: The Dark Mod
 * $Source$
 * $Revision$
 * $Date$
 * $Author$
 *
 * $Log$
 * Revision 1.1  2004/10/30 15:52:03  sparhawk
 * Initial revision
 *
 ***************************************************************************/

Microsoft Visual Studio Solution File, Format Version 7.00
Project("{8BC9CEB8-8B4A-11D0-8D11-00A0C91BC942}") = "Game", "D3Game.vcproj", "{49BEC5C6-B964-417A-851E-808886B57430}"
EndProject
Project("{8BC9CEB8-8B4A-11D0-8D11-00A0C91BC942}") = "idLib", "idlib.vcproj", "{49BEC5C6-B964-417A-851E-808886B57400}"
EndProject
Global
	GlobalSection(SolutionConfiguration) = preSolution
		ConfigName.0 = Debug
		ConfigName.1 = Debug with inlines
		ConfigName.2 = Debug with inlines and memory log
		ConfigName.3 = Release
	EndGlobalSection
	GlobalSection(ProjectDependencies) = postSolution
		{49BEC5C6-B964-417A-851E-808886B57430}.0 = {49BEC5C6-B964-417A-851E-808886B57400}
	EndGlobalSection
	GlobalSection(ProjectConfiguration) = postSolution
		{49BEC5C6-B964-417A-851E-808886B57430}.Debug.ActiveCfg = Debug|Win32
		{49BEC5C6-B964-417A-851E-808886B57430}.Debug.Build.0 = Debug|Win32
		{49BEC5C6-B964-417A-851E-808886B57430}.Debug with inlines.ActiveCfg = Debug with inlines|Win32
		{49BEC5C6-B964-417A-851E-808886B57430}.Debug with inlines.Build.0 = Debug with inlines|Win32
		{49BEC5C6-B964-417A-851E-808886B57430}.Debug with inlines and memory log.ActiveCfg = Debug with inlines and memory log|Win32
		{49BEC5C6-B964-417A-851E-808886B57430}.Debug with inlines and memory log.Build.0 = Debug with inlines and memory log|Win32
		{49BEC5C6-B964-417A-851E-808886B57430}.Release.ActiveCfg = Release|Win32
		{49BEC5C6-B964-417A-851E-808886B57430}.Release.Build.0 = Release|Win32
		{49BEC5C6-B964-417A-851E-808886B57400}.Debug.ActiveCfg = Debug|Win32
		{49BEC5C6-B964-417A-851E-808886B57400}.Debug.Build.0 = Debug|Win32
		{49BEC5C6-B964-417A-851E-808886B57400}.Debug with inlines.ActiveCfg = Debug with inlines|Win32
		{49BEC5C6-B964-417A-851E-808886B57400}.Debug with inlines.Build.0 = Debug with inlines|Win32
		{49BEC5C6-B964-417A-851E-808886B57400}.Debug with inlines and memory log.ActiveCfg = Debug with inlines and memory log|Win32
		{49BEC5C6-B964-417A-851E-808886B57400}.Debug with inlines and memory log.Build.0 = Debug with inlines and memory log|Win32
		{49BEC5C6-B964-417A-851E-808886B57400}.Release.ActiveCfg = Release|Win32
		{49BEC5C6-B964-417A-851E-808886B57400}.Release.Build.0 = Release|Win32
	EndGlobalSection
	GlobalSection(ExtensibilityGlobals) = postSolution
	EndGlobalSection
	GlobalSection(ExtensibilityAddIns) = postSolution
	EndGlobalSection
EndGlobal
