Microsoft Visual Studio Solution File, Format Version 12.00
# Visual Studio 2013
VisualStudioVersion = 12.0.31101.0
MinimumVisualStudioVersion = 10.0.40219.1
Project("{8BC9CEB8-8B4A-11D0-8D11-00A0C91BC942}") = "idLib", "idlib.vcxproj", "{49BEC5C6-B964-417A-851E-808886B57400}"
	ProjectSection(ProjectDependencies) = postProject
		{5F1A77C3-F94D-4C5F-B14B-03202CDFC317} = {5F1A77C3-F94D-4C5F-B14B-03202CDFC317}
	EndProjectSection
EndProject
Project("{8BC9CEB8-8B4A-11D0-8D11-00A0C91BC942}") = "TypeInfo", "typeinfo.vcxproj", "{6EA6406F-3E65-47D9-8246-D6660A81606F}"
	ProjectSection(ProjectDependencies) = postProject
		{5F1A77C3-F94D-4C5F-B14B-03202CDFC317} = {5F1A77C3-F94D-4C5F-B14B-03202CDFC317}
	EndProjectSection
EndProject
Project("{8BC9CEB8-8B4A-11D0-8D11-00A0C91BC942}") = "MayaImport", "MayaImport.vcxproj", "{49BEC5C6-B964-417A-851E-808886B574F1}"
EndProject
Project("{8BC9CEB8-8B4A-11D0-8D11-00A0C91BC942}") = "DarkModTools", "engine.vcxproj", "{49BEC5C6-B964-417A-851E-808886B57420}"
	ProjectSection(ProjectDependencies) = postProject
		{5F1A77C3-F94D-4C5F-B14B-03202CDFC317} = {5F1A77C3-F94D-4C5F-B14B-03202CDFC317}
	EndProjectSection
EndProject
Project("{8BC9CEB8-8B4A-11D0-8D11-00A0C91BC942}") = "ExtLibs", "ExtLibs\ExtLibs.vcxproj", "{5F1A77C3-F94D-4C5F-B14B-03202CDFC317}"
EndProject
Project("{911E67C6-3D85-4FCE-B560-20A9C3E3FF48}") = "TheDarkMod", "..\darkmod\TheDarkMod.exe", "{9B11C0F2-9F0C-4EF1-AC44-26A7D9819D76}"
	ProjectSection(DebuggerProjectSystem) = preProject
		PortSupplier = 00000000-0000-0000-0000-000000000000
		Executable = E:\darkmod\TheDarkMod.exe
		RemoteMachine = RAND-PC
		StartingDirectory = E:\darkmod
		Environment = Default
		LaunchingEngine = 00000000-0000-0000-0000-000000000000
		UseLegacyDebugEngines = No
		LaunchSQLEngine = No
		AttachLaunchAction = No
	EndProjectSection
EndProject
Project("{911E67C6-3D85-4FCE-B560-20A9C3E3FF48}") = "TheDarkModx64", "..\darkmod\TheDarkModx64.exe", "{B8996517-0E0F-4670-BA8F-1120510193F3}"
	ProjectSection(DebuggerProjectSystem) = preProject
		PortSupplier = 00000000-0000-0000-0000-000000000000
		Executable = E:\darkmod\TheDarkModx64.exe
		RemoteMachine = RAND-PC
		StartingDirectory = E:\darkmod
		Environment = Default
		LaunchingEngine = 00000000-0000-0000-0000-000000000000
		UseLegacyDebugEngines = No
		LaunchSQLEngine = No
		AttachLaunchAction = No
	EndProjectSection
EndProject
Global
	GlobalSection(SolutionConfigurationPlatforms) = preSolution
		Debug with inlines and memory log|Mixed Platforms = Debug with inlines and memory log|Mixed Platforms
		Debug with inlines and memory log|Win32 = Debug with inlines and memory log|Win32
		Debug with inlines and memory log|x64 = Debug with inlines and memory log|x64
		Debug with inlines and memory log|x86 = Debug with inlines and memory log|x86
		Debug with inlines|Mixed Platforms = Debug with inlines|Mixed Platforms
		Debug with inlines|Win32 = Debug with inlines|Win32
		Debug with inlines|x64 = Debug with inlines|x64
		Debug with inlines|x86 = Debug with inlines|x86
		Debug|Mixed Platforms = Debug|Mixed Platforms
		Debug|Win32 = Debug|Win32
		Debug|x64 = Debug|x64
		Debug|x86 = Debug|x86
		Release|Mixed Platforms = Release|Mixed Platforms
		Release|Win32 = Release|Win32
		Release|x64 = Release|x64
		Release|x86 = Release|x86
	EndGlobalSection
	GlobalSection(ProjectConfigurationPlatforms) = postSolution
		{49BEC5C6-B964-417A-851E-808886B57400}.Debug with inlines and memory log|Mixed Platforms.ActiveCfg = Debug with inlines and memory log|Win32
		{49BEC5C6-B964-417A-851E-808886B57400}.Debug with inlines and memory log|Mixed Platforms.Build.0 = Debug with inlines and memory log|Win32
		{49BEC5C6-B964-417A-851E-808886B57400}.Debug with inlines and memory log|Win32.ActiveCfg = Debug with inlines and memory log|Win32
		{49BEC5C6-B964-417A-851E-808886B57400}.Debug with inlines and memory log|Win32.Build.0 = Debug with inlines and memory log|Win32
		{49BEC5C6-B964-417A-851E-808886B57400}.Debug with inlines and memory log|x64.ActiveCfg = Debug with inlines and memory log|x64
		{49BEC5C6-B964-417A-851E-808886B57400}.Debug with inlines and memory log|x64.Build.0 = Debug with inlines and memory log|x64
		{49BEC5C6-B964-417A-851E-808886B57400}.Debug with inlines and memory log|x86.ActiveCfg = Debug with inlines and memory log|Win32
		{49BEC5C6-B964-417A-851E-808886B57400}.Debug with inlines and memory log|x86.Build.0 = Debug with inlines and memory log|Win32
		{49BEC5C6-B964-417A-851E-808886B57400}.Debug with inlines|Mixed Platforms.ActiveCfg = Debug with inlines|Win32
		{49BEC5C6-B964-417A-851E-808886B57400}.Debug with inlines|Mixed Platforms.Build.0 = Debug with inlines|Win32
		{49BEC5C6-B964-417A-851E-808886B57400}.Debug with inlines|Win32.ActiveCfg = Debug with inlines|Win32
		{49BEC5C6-B964-417A-851E-808886B57400}.Debug with inlines|Win32.Build.0 = Debug with inlines|Win32
		{49BEC5C6-B964-417A-851E-808886B57400}.Debug with inlines|x64.ActiveCfg = Debug with inlines|x64
		{49BEC5C6-B964-417A-851E-808886B57400}.Debug with inlines|x64.Build.0 = Debug with inlines|x64
		{49BEC5C6-B964-417A-851E-808886B57400}.Debug with inlines|x86.ActiveCfg = Debug with inlines|Win32
		{49BEC5C6-B964-417A-851E-808886B57400}.Debug with inlines|x86.Build.0 = Debug with inlines|Win32
		{49BEC5C6-B964-417A-851E-808886B57400}.Debug|Mixed Platforms.ActiveCfg = Debug|Win32
		{49BEC5C6-B964-417A-851E-808886B57400}.Debug|Mixed Platforms.Build.0 = Debug|Win32
		{49BEC5C6-B964-417A-851E-808886B57400}.Debug|Win32.ActiveCfg = Debug|Win32
		{49BEC5C6-B964-417A-851E-808886B57400}.Debug|Win32.Build.0 = Debug|Win32
		{49BEC5C6-B964-417A-851E-808886B57400}.Debug|x64.ActiveCfg = Debug|x64
		{49BEC5C6-B964-417A-851E-808886B57400}.Debug|x64.Build.0 = Debug|x64
		{49BEC5C6-B964-417A-851E-808886B57400}.Debug|x86.ActiveCfg = Debug|Win32
		{49BEC5C6-B964-417A-851E-808886B57400}.Debug|x86.Build.0 = Debug|Win32
		{49BEC5C6-B964-417A-851E-808886B57400}.Release|Mixed Platforms.ActiveCfg = Release|Win32
		{49BEC5C6-B964-417A-851E-808886B57400}.Release|Mixed Platforms.Build.0 = Release|Win32
		{49BEC5C6-B964-417A-851E-808886B57400}.Release|Win32.ActiveCfg = Release|Win32
		{49BEC5C6-B964-417A-851E-808886B57400}.Release|Win32.Build.0 = Release|Win32
		{49BEC5C6-B964-417A-851E-808886B57400}.Release|x64.ActiveCfg = Release|x64
		{49BEC5C6-B964-417A-851E-808886B57400}.Release|x64.Build.0 = Release|x64
		{49BEC5C6-B964-417A-851E-808886B57400}.Release|x86.ActiveCfg = Release|Win32
		{49BEC5C6-B964-417A-851E-808886B57400}.Release|x86.Build.0 = Release|Win32
		{6EA6406F-3E65-47D9-8246-D6660A81606F}.Debug with inlines and memory log|Mixed Platforms.ActiveCfg = Debug|Win32
		{6EA6406F-3E65-47D9-8246-D6660A81606F}.Debug with inlines and memory log|Mixed Platforms.Build.0 = Debug|Win32
		{6EA6406F-3E65-47D9-8246-D6660A81606F}.Debug with inlines and memory log|Win32.ActiveCfg = Debug|Win32
		{6EA6406F-3E65-47D9-8246-D6660A81606F}.Debug with inlines and memory log|x64.ActiveCfg = Debug|x64
		{6EA6406F-3E65-47D9-8246-D6660A81606F}.Debug with inlines and memory log|x86.ActiveCfg = Debug|Win32
		{6EA6406F-3E65-47D9-8246-D6660A81606F}.Debug with inlines and memory log|x86.Build.0 = Debug|Win32
		{6EA6406F-3E65-47D9-8246-D6660A81606F}.Debug with inlines|Mixed Platforms.ActiveCfg = Debug|Win32
		{6EA6406F-3E65-47D9-8246-D6660A81606F}.Debug with inlines|Mixed Platforms.Build.0 = Debug|Win32
		{6EA6406F-3E65-47D9-8246-D6660A81606F}.Debug with inlines|Win32.ActiveCfg = Debug|Win32
		{6EA6406F-3E65-47D9-8246-D6660A81606F}.Debug with inlines|Win32.Build.0 = Debug|Win32
		{6EA6406F-3E65-47D9-8246-D6660A81606F}.Debug with inlines|x64.ActiveCfg = Debug|x64
		{6EA6406F-3E65-47D9-8246-D6660A81606F}.Debug with inlines|x64.Build.0 = Debug|x64
		{6EA6406F-3E65-47D9-8246-D6660A81606F}.Debug with inlines|x86.ActiveCfg = Debug|Win32
		{6EA6406F-3E65-47D9-8246-D6660A81606F}.Debug with inlines|x86.Build.0 = Debug|Win32
		{6EA6406F-3E65-47D9-8246-D6660A81606F}.Debug|Mixed Platforms.ActiveCfg = Debug|Win32
		{6EA6406F-3E65-47D9-8246-D6660A81606F}.Debug|Mixed Platforms.Build.0 = Debug|Win32
		{6EA6406F-3E65-47D9-8246-D6660A81606F}.Debug|Win32.ActiveCfg = Debug|Win32
		{6EA6406F-3E65-47D9-8246-D6660A81606F}.Debug|Win32.Build.0 = Debug|Win32
		{6EA6406F-3E65-47D9-8246-D6660A81606F}.Debug|x64.ActiveCfg = Debug|x64
		{6EA6406F-3E65-47D9-8246-D6660A81606F}.Debug|x64.Build.0 = Debug|x64
		{6EA6406F-3E65-47D9-8246-D6660A81606F}.Debug|x86.ActiveCfg = Debug|Win32
		{6EA6406F-3E65-47D9-8246-D6660A81606F}.Debug|x86.Build.0 = Debug|Win32
		{6EA6406F-3E65-47D9-8246-D6660A81606F}.Release|Mixed Platforms.ActiveCfg = Release|Win32
		{6EA6406F-3E65-47D9-8246-D6660A81606F}.Release|Mixed Platforms.Build.0 = Release|Win32
		{6EA6406F-3E65-47D9-8246-D6660A81606F}.Release|Win32.ActiveCfg = Release|Win32
		{6EA6406F-3E65-47D9-8246-D6660A81606F}.Release|Win32.Build.0 = Release|Win32
		{6EA6406F-3E65-47D9-8246-D6660A81606F}.Release|x64.ActiveCfg = Release|x64
		{6EA6406F-3E65-47D9-8246-D6660A81606F}.Release|x64.Build.0 = Release|x64
		{6EA6406F-3E65-47D9-8246-D6660A81606F}.Release|x86.ActiveCfg = Release|Win32
		{6EA6406F-3E65-47D9-8246-D6660A81606F}.Release|x86.Build.0 = Release|Win32
		{49BEC5C6-B964-417A-851E-808886B574F1}.Debug with inlines and memory log|Mixed Platforms.ActiveCfg = Debug|Win32
		{49BEC5C6-B964-417A-851E-808886B574F1}.Debug with inlines and memory log|Mixed Platforms.Build.0 = Debug|Win32
		{49BEC5C6-B964-417A-851E-808886B574F1}.Debug with inlines and memory log|Win32.ActiveCfg = Debug|Win32
		{49BEC5C6-B964-417A-851E-808886B574F1}.Debug with inlines and memory log|Win32.Build.0 = Debug|Win32
		{49BEC5C6-B964-417A-851E-808886B574F1}.Debug with inlines and memory log|x64.ActiveCfg = Debug|x64
		{49BEC5C6-B964-417A-851E-808886B574F1}.Debug with inlines and memory log|x86.ActiveCfg = Debug|Win32
		{49BEC5C6-B964-417A-851E-808886B574F1}.Debug with inlines and memory log|x86.Build.0 = Debug|Win32
		{49BEC5C6-B964-417A-851E-808886B574F1}.Debug with inlines|Mixed Platforms.ActiveCfg = Debug|Win32
		{49BEC5C6-B964-417A-851E-808886B574F1}.Debug with inlines|Mixed Platforms.Build.0 = Debug|Win32
		{49BEC5C6-B964-417A-851E-808886B574F1}.Debug with inlines|Win32.ActiveCfg = Debug|Win32
		{49BEC5C6-B964-417A-851E-808886B574F1}.Debug with inlines|Win32.Build.0 = Debug|Win32
		{49BEC5C6-B964-417A-851E-808886B574F1}.Debug with inlines|x64.ActiveCfg = Debug|x64
		{49BEC5C6-B964-417A-851E-808886B574F1}.Debug with inlines|x86.ActiveCfg = Debug|Win32
		{49BEC5C6-B964-417A-851E-808886B574F1}.Debug with inlines|x86.Build.0 = Debug|Win32
		{49BEC5C6-B964-417A-851E-808886B574F1}.Debug|Mixed Platforms.ActiveCfg = Debug|Win32
		{49BEC5C6-B964-417A-851E-808886B574F1}.Debug|Mixed Platforms.Build.0 = Debug|Win32
		{49BEC5C6-B964-417A-851E-808886B574F1}.Debug|Win32.ActiveCfg = Debug|Win32
		{49BEC5C6-B964-417A-851E-808886B574F1}.Debug|Win32.Build.0 = Debug|Win32
		{49BEC5C6-B964-417A-851E-808886B574F1}.Debug|x64.ActiveCfg = Debug|x64
		{49BEC5C6-B964-417A-851E-808886B574F1}.Debug|x86.ActiveCfg = Debug|Win32
		{49BEC5C6-B964-417A-851E-808886B574F1}.Debug|x86.Build.0 = Debug|Win32
		{49BEC5C6-B964-417A-851E-808886B574F1}.Release|Mixed Platforms.ActiveCfg = Release|Win32
		{49BEC5C6-B964-417A-851E-808886B574F1}.Release|Mixed Platforms.Build.0 = Release|Win32
		{49BEC5C6-B964-417A-851E-808886B574F1}.Release|Win32.ActiveCfg = Release|Win32
		{49BEC5C6-B964-417A-851E-808886B574F1}.Release|Win32.Build.0 = Release|Win32
		{49BEC5C6-B964-417A-851E-808886B574F1}.Release|x64.ActiveCfg = Release|x64
		{49BEC5C6-B964-417A-851E-808886B574F1}.Release|x86.ActiveCfg = Release|Win32
		{49BEC5C6-B964-417A-851E-808886B574F1}.Release|x86.Build.0 = Release|Win32
		{49BEC5C6-B964-417A-851E-808886B57420}.Debug with inlines and memory log|Mixed Platforms.ActiveCfg = Debug with inlines and memory log|Win32
		{49BEC5C6-B964-417A-851E-808886B57420}.Debug with inlines and memory log|Mixed Platforms.Build.0 = Debug with inlines and memory log|Win32
		{49BEC5C6-B964-417A-851E-808886B57420}.Debug with inlines and memory log|Win32.ActiveCfg = Debug with inlines and memory log|Win32
		{49BEC5C6-B964-417A-851E-808886B57420}.Debug with inlines and memory log|Win32.Build.0 = Debug with inlines and memory log|Win32
		{49BEC5C6-B964-417A-851E-808886B57420}.Debug with inlines and memory log|x64.ActiveCfg = Debug with inlines and memory log|x64
		{49BEC5C6-B964-417A-851E-808886B57420}.Debug with inlines and memory log|x64.Build.0 = Debug with inlines and memory log|x64
		{49BEC5C6-B964-417A-851E-808886B57420}.Debug with inlines and memory log|x86.ActiveCfg = Debug with inlines and memory log|Win32
		{49BEC5C6-B964-417A-851E-808886B57420}.Debug with inlines and memory log|x86.Build.0 = Debug with inlines and memory log|Win32
		{49BEC5C6-B964-417A-851E-808886B57420}.Debug with inlines|Mixed Platforms.ActiveCfg = Debug with inlines|Win32
		{49BEC5C6-B964-417A-851E-808886B57420}.Debug with inlines|Mixed Platforms.Build.0 = Debug with inlines|Win32
		{49BEC5C6-B964-417A-851E-808886B57420}.Debug with inlines|Win32.ActiveCfg = Debug with inlines|Win32
		{49BEC5C6-B964-417A-851E-808886B57420}.Debug with inlines|Win32.Build.0 = Debug with inlines|Win32
		{49BEC5C6-B964-417A-851E-808886B57420}.Debug with inlines|x64.ActiveCfg = Debug with inlines|x64
		{49BEC5C6-B964-417A-851E-808886B57420}.Debug with inlines|x64.Build.0 = Debug with inlines|x64
		{49BEC5C6-B964-417A-851E-808886B57420}.Debug with inlines|x86.ActiveCfg = Debug with inlines|Win32
		{49BEC5C6-B964-417A-851E-808886B57420}.Debug with inlines|x86.Build.0 = Debug with inlines|Win32
		{49BEC5C6-B964-417A-851E-808886B57420}.Debug|Mixed Platforms.ActiveCfg = Debug|Win32
		{49BEC5C6-B964-417A-851E-808886B57420}.Debug|Mixed Platforms.Build.0 = Debug|Win32
		{49BEC5C6-B964-417A-851E-808886B57420}.Debug|Win32.ActiveCfg = Debug|Win32
		{49BEC5C6-B964-417A-851E-808886B57420}.Debug|Win32.Build.0 = Debug|Win32
		{49BEC5C6-B964-417A-851E-808886B57420}.Debug|x64.ActiveCfg = Debug|x64
		{49BEC5C6-B964-417A-851E-808886B57420}.Debug|x64.Build.0 = Debug|x64
		{49BEC5C6-B964-417A-851E-808886B57420}.Debug|x86.ActiveCfg = Debug|Win32
		{49BEC5C6-B964-417A-851E-808886B57420}.Debug|x86.Build.0 = Debug|Win32
		{49BEC5C6-B964-417A-851E-808886B57420}.Release|Mixed Platforms.ActiveCfg = Release|Win32
		{49BEC5C6-B964-417A-851E-808886B57420}.Release|Mixed Platforms.Build.0 = Release|Win32
		{49BEC5C6-B964-417A-851E-808886B57420}.Release|Win32.ActiveCfg = Release|Win32
		{49BEC5C6-B964-417A-851E-808886B57420}.Release|Win32.Build.0 = Release|Win32
		{49BEC5C6-B964-417A-851E-808886B57420}.Release|x64.ActiveCfg = Release|x64
		{49BEC5C6-B964-417A-851E-808886B57420}.Release|x64.Build.0 = Release|x64
		{49BEC5C6-B964-417A-851E-808886B57420}.Release|x86.ActiveCfg = Release|Win32
		{49BEC5C6-B964-417A-851E-808886B57420}.Release|x86.Build.0 = Release|Win32
		{5F1A77C3-F94D-4C5F-B14B-03202CDFC317}.Debug with inlines and memory log|Mixed Platforms.ActiveCfg = Debug|Win32
		{5F1A77C3-F94D-4C5F-B14B-03202CDFC317}.Debug with inlines and memory log|Mixed Platforms.Build.0 = Debug|Win32
		{5F1A77C3-F94D-4C5F-B14B-03202CDFC317}.Debug with inlines and memory log|Win32.ActiveCfg = Debug|Win32
		{5F1A77C3-F94D-4C5F-B14B-03202CDFC317}.Debug with inlines and memory log|Win32.Build.0 = Debug|Win32
		{5F1A77C3-F94D-4C5F-B14B-03202CDFC317}.Debug with inlines and memory log|x64.ActiveCfg = Debug|x64
		{5F1A77C3-F94D-4C5F-B14B-03202CDFC317}.Debug with inlines and memory log|x64.Build.0 = Debug|x64
		{5F1A77C3-F94D-4C5F-B14B-03202CDFC317}.Debug with inlines and memory log|x86.ActiveCfg = Debug|Win32
		{5F1A77C3-F94D-4C5F-B14B-03202CDFC317}.Debug with inlines and memory log|x86.Build.0 = Debug|Win32
		{5F1A77C3-F94D-4C5F-B14B-03202CDFC317}.Debug with inlines|Mixed Platforms.ActiveCfg = Debug|Win32
		{5F1A77C3-F94D-4C5F-B14B-03202CDFC317}.Debug with inlines|Mixed Platforms.Build.0 = Debug|Win32
		{5F1A77C3-F94D-4C5F-B14B-03202CDFC317}.Debug with inlines|Win32.ActiveCfg = Debug|Win32
		{5F1A77C3-F94D-4C5F-B14B-03202CDFC317}.Debug with inlines|Win32.Build.0 = Debug|Win32
		{5F1A77C3-F94D-4C5F-B14B-03202CDFC317}.Debug with inlines|x64.ActiveCfg = Debug|x64
		{5F1A77C3-F94D-4C5F-B14B-03202CDFC317}.Debug with inlines|x64.Build.0 = Debug|x64
		{5F1A77C3-F94D-4C5F-B14B-03202CDFC317}.Debug with inlines|x86.ActiveCfg = Debug|Win32
		{5F1A77C3-F94D-4C5F-B14B-03202CDFC317}.Debug with inlines|x86.Build.0 = Debug|Win32
		{5F1A77C3-F94D-4C5F-B14B-03202CDFC317}.Debug|Mixed Platforms.ActiveCfg = Debug|Win32
		{5F1A77C3-F94D-4C5F-B14B-03202CDFC317}.Debug|Mixed Platforms.Build.0 = Debug|Win32
		{5F1A77C3-F94D-4C5F-B14B-03202CDFC317}.Debug|Win32.ActiveCfg = Debug|Win32
		{5F1A77C3-F94D-4C5F-B14B-03202CDFC317}.Debug|Win32.Build.0 = Debug|Win32
		{5F1A77C3-F94D-4C5F-B14B-03202CDFC317}.Debug|x64.ActiveCfg = Debug|x64
		{5F1A77C3-F94D-4C5F-B14B-03202CDFC317}.Debug|x64.Build.0 = Debug|x64
		{5F1A77C3-F94D-4C5F-B14B-03202CDFC317}.Debug|x86.ActiveCfg = Debug|Win32
		{5F1A77C3-F94D-4C5F-B14B-03202CDFC317}.Debug|x86.Build.0 = Debug|Win32
		{5F1A77C3-F94D-4C5F-B14B-03202CDFC317}.Release|Mixed Platforms.ActiveCfg = Release|Win32
		{5F1A77C3-F94D-4C5F-B14B-03202CDFC317}.Release|Mixed Platforms.Build.0 = Release|Win32
		{5F1A77C3-F94D-4C5F-B14B-03202CDFC317}.Release|Win32.ActiveCfg = Release|Win32
		{5F1A77C3-F94D-4C5F-B14B-03202CDFC317}.Release|Win32.Build.0 = Release|Win32
		{5F1A77C3-F94D-4C5F-B14B-03202CDFC317}.Release|x64.ActiveCfg = Release|x64
		{5F1A77C3-F94D-4C5F-B14B-03202CDFC317}.Release|x64.Build.0 = Release|x64
		{5F1A77C3-F94D-4C5F-B14B-03202CDFC317}.Release|x86.ActiveCfg = Release|Win32
		{5F1A77C3-F94D-4C5F-B14B-03202CDFC317}.Release|x86.Build.0 = Release|Win32
		{9B11C0F2-9F0C-4EF1-AC44-26A7D9819D76}.Debug with inlines and memory log|Mixed Platforms.ActiveCfg = Debug
		{9B11C0F2-9F0C-4EF1-AC44-26A7D9819D76}.Debug with inlines and memory log|Win32.ActiveCfg = Debug
		{9B11C0F2-9F0C-4EF1-AC44-26A7D9819D76}.Debug with inlines and memory log|x64.ActiveCfg = Debug
		{9B11C0F2-9F0C-4EF1-AC44-26A7D9819D76}.Debug with inlines and memory log|x86.ActiveCfg = Debug
		{9B11C0F2-9F0C-4EF1-AC44-26A7D9819D76}.Debug with inlines|Mixed Platforms.ActiveCfg = Debug
		{9B11C0F2-9F0C-4EF1-AC44-26A7D9819D76}.Debug with inlines|Win32.ActiveCfg = Debug
		{9B11C0F2-9F0C-4EF1-AC44-26A7D9819D76}.Debug with inlines|x64.ActiveCfg = Debug
		{9B11C0F2-9F0C-4EF1-AC44-26A7D9819D76}.Debug with inlines|x86.ActiveCfg = Debug
		{9B11C0F2-9F0C-4EF1-AC44-26A7D9819D76}.Debug|Mixed Platforms.ActiveCfg = Debug
		{9B11C0F2-9F0C-4EF1-AC44-26A7D9819D76}.Debug|Win32.ActiveCfg = Debug
		{9B11C0F2-9F0C-4EF1-AC44-26A7D9819D76}.Debug|x64.ActiveCfg = Debug
		{9B11C0F2-9F0C-4EF1-AC44-26A7D9819D76}.Debug|x86.ActiveCfg = Debug
		{9B11C0F2-9F0C-4EF1-AC44-26A7D9819D76}.Release|Mixed Platforms.ActiveCfg = Debug
		{9B11C0F2-9F0C-4EF1-AC44-26A7D9819D76}.Release|Win32.ActiveCfg = Debug
		{9B11C0F2-9F0C-4EF1-AC44-26A7D9819D76}.Release|x64.ActiveCfg = Debug
		{9B11C0F2-9F0C-4EF1-AC44-26A7D9819D76}.Release|x86.ActiveCfg = Debug
		{B8996517-0E0F-4670-BA8F-1120510193F3}.Debug with inlines and memory log|Mixed Platforms.ActiveCfg = Debug
		{B8996517-0E0F-4670-BA8F-1120510193F3}.Debug with inlines and memory log|Win32.ActiveCfg = Debug
		{B8996517-0E0F-4670-BA8F-1120510193F3}.Debug with inlines and memory log|x64.ActiveCfg = Debug
		{B8996517-0E0F-4670-BA8F-1120510193F3}.Debug with inlines and memory log|x86.ActiveCfg = Debug
		{B8996517-0E0F-4670-BA8F-1120510193F3}.Debug with inlines|Mixed Platforms.ActiveCfg = Debug
		{B8996517-0E0F-4670-BA8F-1120510193F3}.Debug with inlines|Win32.ActiveCfg = Debug
		{B8996517-0E0F-4670-BA8F-1120510193F3}.Debug with inlines|x64.ActiveCfg = Debug
		{B8996517-0E0F-4670-BA8F-1120510193F3}.Debug with inlines|x86.ActiveCfg = Debug
		{B8996517-0E0F-4670-BA8F-1120510193F3}.Debug|Mixed Platforms.ActiveCfg = Debug
		{B8996517-0E0F-4670-BA8F-1120510193F3}.Debug|Win32.ActiveCfg = Debug
		{B8996517-0E0F-4670-BA8F-1120510193F3}.Debug|x64.ActiveCfg = Debug
		{B8996517-0E0F-4670-BA8F-1120510193F3}.Debug|x86.ActiveCfg = Debug
		{B8996517-0E0F-4670-BA8F-1120510193F3}.Release|Mixed Platforms.ActiveCfg = Debug
		{B8996517-0E0F-4670-BA8F-1120510193F3}.Release|Win32.ActiveCfg = Debug
		{B8996517-0E0F-4670-BA8F-1120510193F3}.Release|x64.ActiveCfg = Debug
		{B8996517-0E0F-4670-BA8F-1120510193F3}.Release|x86.ActiveCfg = Debug
	EndGlobalSection
	GlobalSection(SolutionProperties) = preSolution
		HideSolutionNode = FALSE
	EndGlobalSection
EndGlobal
