<?xml version="1.0" encoding="utf-8"?>
<Project ToolsVersion="4.0" xmlns="http://schemas.microsoft.com/developer/msbuild/2003">
  <ItemGroup>
    <ClInclude Include="jpeg.h" />
    <ClInclude Include="devil.h" />
    <ClInclude Include="vorbis.h" />
    <ClInclude Include="..\sound\OggVorbis\ogg\ogg.h">
      <Filter>ogg</Filter>
    </ClInclude>
    <ClInclude Include="..\sound\OggVorbis\ogg\os_types.h">
      <Filter>ogg</Filter>
    </ClInclude>
    <ClInclude Include="..\sound\OggVorbis\vorbis\codec.h">
      <Filter>vorbis</Filter>
    </ClInclude>
    <ClInclude Include="..\sound\OggVorbis\vorbis\vorbisenc.h">
      <Filter>vorbis</Filter>
    </ClInclude>
    <ClInclude Include="..\sound\OggVorbis\vorbis\vorbisfile.h">
      <Filter>vorbis</Filter>
    </ClInclude>
    <ClInclude Include="..\sound\OggVorbis\vorbissrc\backends.h">
      <Filter>vorbissrc</Filter>
    </ClInclude>
    <ClInclude Include="..\sound\OggVorbis\vorbissrc\bitrate.h">
      <Filter>vorbissrc</Filter>
    </ClInclude>
    <ClInclude Include="..\sound\OggVorbis\vorbissrc\codebook.h">
      <Filter>vorbissrc</Filter>
    </ClInclude>
    <ClInclude Include="..\sound\OggVorbis\vorbissrc\codec_internal.h">
      <Filter>vorbissrc</Filter>
    </ClInclude>
    <ClInclude Include="..\sound\OggVorbis\vorbissrc\envelope.h">
      <Filter>vorbissrc</Filter>
    </ClInclude>
    <ClInclude Include="..\sound\OggVorbis\vorbissrc\highlevel.h">
      <Filter>vorbissrc</Filter>
    </ClInclude>
    <ClInclude Include="..\sound\OggVorbis\vorbissrc\lookup.h">
      <Filter>vorbissrc</Filter>
    </ClInclude>
    <ClInclude Include="..\sound\OggVorbis\vorbissrc\lookup_data.h">
      <Filter>vorbissrc</Filter>
    </ClInclude>
    <ClInclude Include="..\sound\OggVorbis\vorbissrc\lpc.h">
      <Filter>vorbissrc</Filter>
    </ClInclude>
    <ClInclude Include="..\sound\OggVorbis\vorbissrc\lsp.h">
      <Filter>vorbissrc</Filter>
    </ClInclude>
    <ClInclude Include="..\sound\OggVorbis\vorbissrc\masking.h">
      <Filter>vorbissrc</Filter>
    </ClInclude>
    <ClInclude Include="..\sound\OggVorbis\vorbissrc\mdct.h">
      <Filter>vorbissrc</Filter>
    </ClInclude>
    <ClInclude Include="..\sound\OggVorbis\vorbissrc\misc.h">
      <Filter>vorbissrc</Filter>
    </ClInclude>
    <ClInclude Include="..\sound\OggVorbis\vorbissrc\os.h">
      <Filter>vorbissrc</Filter>
    </ClInclude>
    <ClInclude Include="..\sound\OggVorbis\vorbissrc\psy.h">
      <Filter>vorbissrc</Filter>
    </ClInclude>
    <ClInclude Include="..\sound\OggVorbis\vorbissrc\registry.h">
      <Filter>vorbissrc</Filter>
    </ClInclude>
    <ClInclude Include="..\sound\OggVorbis\vorbissrc\scales.h">
      <Filter>vorbissrc</Filter>
    </ClInclude>
    <ClInclude Include="..\sound\OggVorbis\vorbissrc\smallft.h">
      <Filter>vorbissrc</Filter>
    </ClInclude>
    <ClInclude Include="..\sound\OggVorbis\vorbissrc\window.h">
      <Filter>vorbissrc</Filter>
    </ClInclude>
    <ClInclude Include="..\sound\OggVorbis\vorbissrc\books\floor\floor_books.h">
      <Filter>vorbissrc\books</Filter>
    </ClInclude>
    <ClInclude Include="..\sound\OggVorbis\vorbissrc\books\coupled\res_books_stereo.h">
      <Filter>vorbissrc\books</Filter>
    </ClInclude>
    <ClInclude Include="..\sound\OggVorbis\vorbissrc\books\uncoupled\res_books_uncoupled.h">
      <Filter>vorbissrc\books</Filter>
    </ClInclude>
    <ClInclude Include="..\sound\OggVorbis\vorbissrc\modes\floor_all.h">
      <Filter>vorbissrc\modes</Filter>
    </ClInclude>
    <ClInclude Include="..\sound\OggVorbis\vorbissrc\modes\psych_11.h">
      <Filter>vorbissrc\modes</Filter>
    </ClInclude>
    <ClInclude Include="..\sound\OggVorbis\vorbissrc\modes\psych_16.h">
      <Filter>vorbissrc\modes</Filter>
    </ClInclude>
    <ClInclude Include="..\sound\OggVorbis\vorbissrc\modes\psych_44.h">
      <Filter>vorbissrc\modes</Filter>
    </ClInclude>
    <ClInclude Include="..\sound\OggVorbis\vorbissrc\modes\psych_8.h">
      <Filter>vorbissrc\modes</Filter>
    </ClInclude>
    <ClInclude Include="..\sound\OggVorbis\vorbissrc\modes\residue_16.h">
      <Filter>vorbissrc\modes</Filter>
    </ClInclude>
    <ClInclude Include="..\sound\OggVorbis\vorbissrc\modes\residue_44.h">
      <Filter>vorbissrc\modes</Filter>
    </ClInclude>
    <ClInclude Include="..\sound\OggVorbis\vorbissrc\modes\residue_44u.h">
      <Filter>vorbissrc\modes</Filter>
    </ClInclude>
    <ClInclude Include="..\sound\OggVorbis\vorbissrc\modes\residue_8.h">
      <Filter>vorbissrc\modes</Filter>
    </ClInclude>
    <ClInclude Include="..\sound\OggVorbis\vorbissrc\modes\setup_11.h">
      <Filter>vorbissrc\modes</Filter>
    </ClInclude>
    <ClInclude Include="..\sound\OggVorbis\vorbissrc\modes\setup_16.h">
      <Filter>vorbissrc\modes</Filter>
    </ClInclude>
    <ClInclude Include="..\sound\OggVorbis\vorbissrc\modes\setup_22.h">
      <Filter>vorbissrc\modes</Filter>
    </ClInclude>
    <ClInclude Include="..\sound\OggVorbis\vorbissrc\modes\setup_32.h">
      <Filter>vorbissrc\modes</Filter>
    </ClInclude>
    <ClInclude Include="..\sound\OggVorbis\vorbissrc\modes\setup_44.h">
      <Filter>vorbissrc\modes</Filter>
    </ClInclude>
    <ClInclude Include="..\sound\OggVorbis\vorbissrc\modes\setup_44u.h">
      <Filter>vorbissrc\modes</Filter>
    </ClInclude>
    <ClInclude Include="..\sound\OggVorbis\vorbissrc\modes\setup_8.h">
      <Filter>vorbissrc\modes</Filter>
    </ClInclude>
    <ClInclude Include="..\sound\OggVorbis\vorbissrc\modes\setup_X.h">
      <Filter>vorbissrc\modes</Filter>
    </ClInclude>
    <ClInclude Include="..\lib\curl\amigaos.h">
      <Filter>curl</Filter>
    </ClInclude>
    <ClInclude Include="..\lib\curl\arpa_telnet.h">
      <Filter>curl</Filter>
    </ClInclude>
    <ClInclude Include="..\lib\curl\asyn.h">
      <Filter>curl</Filter>
    </ClInclude>
    <ClInclude Include="..\lib\curl\bundles.h">
      <Filter>curl</Filter>
    </ClInclude>
    <ClInclude Include="..\lib\curl\config-amigaos.h">
      <Filter>curl</Filter>
    </ClInclude>
    <ClInclude Include="..\lib\curl\config-dos.h">
      <Filter>curl</Filter>
    </ClInclude>
    <ClInclude Include="..\lib\curl\config-mac.h">
      <Filter>curl</Filter>
    </ClInclude>
    <ClInclude Include="..\lib\curl\config-os400.h">
      <Filter>curl</Filter>
    </ClInclude>
    <ClInclude Include="..\lib\curl\config-riscos.h">
      <Filter>curl</Filter>
    </ClInclude>
    <ClInclude Include="..\lib\curl\config-symbian.h">
      <Filter>curl</Filter>
    </ClInclude>
    <ClInclude Include="..\lib\curl\config-tpf.h">
      <Filter>curl</Filter>
    </ClInclude>
    <ClInclude Include="..\lib\curl\config-vxworks.h">
      <Filter>curl</Filter>
    </ClInclude>
    <ClInclude Include="..\lib\curl\config-win32.h">
      <Filter>curl</Filter>
    </ClInclude>
    <ClInclude Include="..\lib\curl\config-win32ce.h">
      <Filter>curl</Filter>
    </ClInclude>
    <ClInclude Include="..\lib\curl\conncache.h">
      <Filter>curl</Filter>
    </ClInclude>
    <ClInclude Include="..\lib\curl\connect.h">
      <Filter>curl</Filter>
    </ClInclude>
    <ClInclude Include="..\lib\curl\content_encoding.h">
      <Filter>curl</Filter>
    </ClInclude>
    <ClInclude Include="..\lib\curl\cookie.h">
      <Filter>curl</Filter>
    </ClInclude>
    <ClInclude Include="..\lib\curl\curlx.h">
      <Filter>curl</Filter>
    </ClInclude>
    <ClInclude Include="..\lib\curl\curl_addrinfo.h">
      <Filter>curl</Filter>
    </ClInclude>
    <ClInclude Include="..\lib\curl\curl_base64.h">
      <Filter>curl</Filter>
    </ClInclude>
    <ClInclude Include="..\lib\curl\curl_fnmatch.h">
      <Filter>curl</Filter>
    </ClInclude>
    <ClInclude Include="..\lib\curl\curl_gethostname.h">
      <Filter>curl</Filter>
    </ClInclude>
    <ClInclude Include="..\lib\curl\curl_gssapi.h">
      <Filter>curl</Filter>
    </ClInclude>
    <ClInclude Include="..\lib\curl\curl_hmac.h">
      <Filter>curl</Filter>
    </ClInclude>
    <ClInclude Include="..\lib\curl\curl_ldap.h">
      <Filter>curl</Filter>
    </ClInclude>
    <ClInclude Include="..\lib\curl\curl_md4.h">
      <Filter>curl</Filter>
    </ClInclude>
    <ClInclude Include="..\lib\curl\curl_md5.h">
      <Filter>curl</Filter>
    </ClInclude>
    <ClInclude Include="..\lib\curl\curl_memory.h">
      <Filter>curl</Filter>
    </ClInclude>
    <ClInclude Include="..\lib\curl\curl_memrchr.h">
      <Filter>curl</Filter>
    </ClInclude>
    <ClInclude Include="..\lib\curl\curl_multibyte.h">
      <Filter>curl</Filter>
    </ClInclude>
    <ClInclude Include="..\lib\curl\curl_ntlm.h">
      <Filter>curl</Filter>
    </ClInclude>
    <ClInclude Include="..\lib\curl\curl_ntlm_core.h">
      <Filter>curl</Filter>
    </ClInclude>
    <ClInclude Include="..\lib\curl\curl_ntlm_msgs.h">
      <Filter>curl</Filter>
    </ClInclude>
    <ClInclude Include="..\lib\curl\curl_ntlm_wb.h">
      <Filter>curl</Filter>
    </ClInclude>
    <ClInclude Include="..\lib\curl\curl_rtmp.h">
      <Filter>curl</Filter>
    </ClInclude>
    <ClInclude Include="..\lib\curl\curl_sasl.h">
      <Filter>curl</Filter>
    </ClInclude>
    <ClInclude Include="..\lib\curl\curl_sec.h">
      <Filter>curl</Filter>
    </ClInclude>
    <ClInclude Include="..\lib\curl\curl_setup.h">
      <Filter>curl</Filter>
    </ClInclude>
    <ClInclude Include="..\lib\curl\curl_setup_once.h">
      <Filter>curl</Filter>
    </ClInclude>
    <ClInclude Include="..\lib\curl\curl_sspi.h">
      <Filter>curl</Filter>
    </ClInclude>
    <ClInclude Include="..\lib\curl\curl_threads.h">
      <Filter>curl</Filter>
    </ClInclude>
    <ClInclude Include="..\lib\curl\dict.h">
      <Filter>curl</Filter>
    </ClInclude>
    <ClInclude Include="..\lib\curl\dotdot.h">
      <Filter>curl</Filter>
    </ClInclude>
    <ClInclude Include="..\lib\curl\easyif.h">
      <Filter>curl</Filter>
    </ClInclude>
    <ClInclude Include="..\lib\curl\escape.h">
      <Filter>curl</Filter>
    </ClInclude>
    <ClInclude Include="..\lib\curl\file.h">
      <Filter>curl</Filter>
    </ClInclude>
    <ClInclude Include="..\lib\curl\fileinfo.h">
      <Filter>curl</Filter>
    </ClInclude>
    <ClInclude Include="..\lib\curl\formdata.h">
      <Filter>curl</Filter>
    </ClInclude>
    <ClInclude Include="..\lib\curl\ftp.h">
      <Filter>curl</Filter>
    </ClInclude>
    <ClInclude Include="..\lib\curl\ftplistparser.h">
      <Filter>curl</Filter>
    </ClInclude>
    <ClInclude Include="..\lib\curl\getinfo.h">
      <Filter>curl</Filter>
    </ClInclude>
    <ClInclude Include="..\lib\curl\gopher.h">
      <Filter>curl</Filter>
    </ClInclude>
    <ClInclude Include="..\lib\curl\hash.h">
      <Filter>curl</Filter>
    </ClInclude>
    <ClInclude Include="..\lib\curl\hostcheck.h">
      <Filter>curl</Filter>
    </ClInclude>
    <ClInclude Include="..\lib\curl\hostip.h">
      <Filter>curl</Filter>
    </ClInclude>
    <ClInclude Include="..\lib\curl\http.h">
      <Filter>curl</Filter>
    </ClInclude>
    <ClInclude Include="..\lib\curl\http2.h">
      <Filter>curl</Filter>
    </ClInclude>
    <ClInclude Include="..\lib\curl\http_chunks.h">
      <Filter>curl</Filter>
    </ClInclude>
    <ClInclude Include="..\lib\curl\http_digest.h">
      <Filter>curl</Filter>
    </ClInclude>
    <ClInclude Include="..\lib\curl\http_negotiate.h">
      <Filter>curl</Filter>
    </ClInclude>
    <ClInclude Include="..\lib\curl\http_proxy.h">
      <Filter>curl</Filter>
    </ClInclude>
    <ClInclude Include="..\lib\curl\if2ip.h">
      <Filter>curl</Filter>
    </ClInclude>
    <ClInclude Include="..\lib\curl\imap.h">
      <Filter>curl</Filter>
    </ClInclude>
    <ClInclude Include="..\lib\curl\inet_ntop.h">
      <Filter>curl</Filter>
    </ClInclude>
    <ClInclude Include="..\lib\curl\inet_pton.h">
      <Filter>curl</Filter>
    </ClInclude>
    <ClInclude Include="..\lib\curl\llist.h">
      <Filter>curl</Filter>
    </ClInclude>
    <ClInclude Include="..\lib\curl\memdebug.h">
      <Filter>curl</Filter>
    </ClInclude>
    <ClInclude Include="..\lib\curl\multihandle.h">
      <Filter>curl</Filter>
    </ClInclude>
    <ClInclude Include="..\lib\curl\multiif.h">
      <Filter>curl</Filter>
    </ClInclude>
    <ClInclude Include="..\lib\curl\netrc.h">
      <Filter>curl</Filter>
    </ClInclude>
    <ClInclude Include="..\lib\curl\non-ascii.h">
      <Filter>curl</Filter>
    </ClInclude>
    <ClInclude Include="..\lib\curl\nonblock.h">
      <Filter>curl</Filter>
    </ClInclude>
    <ClInclude Include="..\lib\curl\parsedate.h">
      <Filter>curl</Filter>
    </ClInclude>
    <ClInclude Include="..\lib\curl\pingpong.h">
      <Filter>curl</Filter>
    </ClInclude>
    <ClInclude Include="..\lib\curl\pipeline.h">
      <Filter>curl</Filter>
    </ClInclude>
    <ClInclude Include="..\lib\curl\pop3.h">
      <Filter>curl</Filter>
    </ClInclude>
    <ClInclude Include="..\lib\curl\progress.h">
      <Filter>curl</Filter>
    </ClInclude>
    <ClInclude Include="..\lib\curl\rawstr.h">
      <Filter>curl</Filter>
    </ClInclude>
    <ClInclude Include="..\lib\curl\rtsp.h">
      <Filter>curl</Filter>
    </ClInclude>
    <ClInclude Include="..\lib\curl\select.h">
      <Filter>curl</Filter>
    </ClInclude>
    <ClInclude Include="..\lib\curl\sendf.h">
      <Filter>curl</Filter>
    </ClInclude>
    <ClInclude Include="..\lib\curl\setup-os400.h">
      <Filter>curl</Filter>
    </ClInclude>
    <ClInclude Include="..\lib\curl\setup-vms.h">
      <Filter>curl</Filter>
    </ClInclude>
    <ClInclude Include="..\lib\curl\share.h">
      <Filter>curl</Filter>
    </ClInclude>
    <ClInclude Include="..\lib\curl\sigpipe.h">
      <Filter>curl</Filter>
    </ClInclude>
    <ClInclude Include="..\lib\curl\slist.h">
      <Filter>curl</Filter>
    </ClInclude>
    <ClInclude Include="..\lib\curl\smtp.h">
      <Filter>curl</Filter>
    </ClInclude>
    <ClInclude Include="..\lib\curl\sockaddr.h">
      <Filter>curl</Filter>
    </ClInclude>
    <ClInclude Include="..\lib\curl\socks.h">
      <Filter>curl</Filter>
    </ClInclude>
    <ClInclude Include="..\lib\curl\speedcheck.h">
      <Filter>curl</Filter>
    </ClInclude>
    <ClInclude Include="..\lib\curl\splay.h">
      <Filter>curl</Filter>
    </ClInclude>
    <ClInclude Include="..\lib\curl\ssh.h">
      <Filter>curl</Filter>
    </ClInclude>
    <ClInclude Include="..\lib\curl\strdup.h">
      <Filter>curl</Filter>
    </ClInclude>
    <ClInclude Include="..\lib\curl\strequal.h">
      <Filter>curl</Filter>
    </ClInclude>
    <ClInclude Include="..\lib\curl\strerror.h">
      <Filter>curl</Filter>
    </ClInclude>
    <ClInclude Include="..\lib\curl\strtok.h">
      <Filter>curl</Filter>
    </ClInclude>
    <ClInclude Include="..\lib\curl\strtoofft.h">
      <Filter>curl</Filter>
    </ClInclude>
    <ClInclude Include="..\lib\curl\telnet.h">
      <Filter>curl</Filter>
    </ClInclude>
    <ClInclude Include="..\lib\curl\tftp.h">
      <Filter>curl</Filter>
    </ClInclude>
    <ClInclude Include="..\lib\curl\timeval.h">
      <Filter>curl</Filter>
    </ClInclude>
    <ClInclude Include="..\lib\curl\transfer.h">
      <Filter>curl</Filter>
    </ClInclude>
    <ClInclude Include="..\lib\curl\url.h">
      <Filter>curl</Filter>
    </ClInclude>
    <ClInclude Include="..\lib\curl\urldata.h">
      <Filter>curl</Filter>
    </ClInclude>
    <ClInclude Include="..\lib\curl\vtls\axtls.h">
      <Filter>curl</Filter>
    </ClInclude>
    <ClInclude Include="..\lib\curl\vtls\curl_darwinssl.h">
      <Filter>curl</Filter>
    </ClInclude>
    <ClInclude Include="..\lib\curl\vtls\curl_schannel.h">
      <Filter>curl</Filter>
    </ClInclude>
    <ClInclude Include="..\lib\curl\vtls\cyassl.h">
      <Filter>curl</Filter>
    </ClInclude>
    <ClInclude Include="..\lib\curl\vtls\gskit.h">
      <Filter>curl</Filter>
    </ClInclude>
    <ClInclude Include="..\lib\curl\vtls\gtls.h">
      <Filter>curl</Filter>
    </ClInclude>
    <ClInclude Include="..\lib\curl\vtls\nssg.h">
      <Filter>curl</Filter>
    </ClInclude>
    <ClInclude Include="..\lib\curl\vtls\openssl.h">
      <Filter>curl</Filter>
    </ClInclude>
    <ClInclude Include="..\lib\curl\vtls\polarssl.h">
      <Filter>curl</Filter>
    </ClInclude>
    <ClInclude Include="..\lib\curl\vtls\polarssl_threadlock.h">
      <Filter>curl</Filter>
    </ClInclude>
    <ClInclude Include="..\lib\curl\vtls\vtls.h">
      <Filter>curl</Filter>
    </ClInclude>
    <ClInclude Include="..\lib\curl\warnless.h">
      <Filter>curl</Filter>
    </ClInclude>
    <ClInclude Include="..\lib\curl\wildcard.h">
      <Filter>curl</Filter>
    </ClInclude>
    <ClInclude Include="..\lib\curl\x509asn1.h">
      <Filter>curl</Filter>
    </ClInclude>
    <ClInclude Include="Export.h" />
    <ClInclude Include="zlib.h" />
    <ClInclude Include="ffmpeg.h" />
  </ItemGroup>
  <ItemGroup>
    <ClCompile Include="jpeg.cpp" />
    <ClCompile Include="devil.cpp" />
    <ClCompile Include="vorbis.cpp" />
    <ClCompile Include="..\sound\OggVorbis\oggsrc\bitwise.c">
      <Filter>oggsrc</Filter>
    </ClCompile>
    <ClCompile Include="..\sound\OggVorbis\oggsrc\framing.c">
      <Filter>oggsrc</Filter>
    </ClCompile>
    <ClCompile Include="..\sound\OggVorbis\vorbissrc\analysis.c">
      <Filter>vorbissrc</Filter>
    </ClCompile>
    <ClCompile Include="..\sound\OggVorbis\vorbissrc\barkmel.c">
      <Filter>vorbissrc</Filter>
    </ClCompile>
    <ClCompile Include="..\sound\OggVorbis\vorbissrc\bitrate.c">
      <Filter>vorbissrc</Filter>
    </ClCompile>
    <ClCompile Include="..\sound\OggVorbis\vorbissrc\block.c">
      <Filter>vorbissrc</Filter>
    </ClCompile>
    <ClCompile Include="..\sound\OggVorbis\vorbissrc\codebook.c">
      <Filter>vorbissrc</Filter>
    </ClCompile>
    <ClCompile Include="..\sound\OggVorbis\vorbissrc\envelope.c">
      <Filter>vorbissrc</Filter>
    </ClCompile>
    <ClCompile Include="..\sound\OggVorbis\vorbissrc\floor0.c">
      <Filter>vorbissrc</Filter>
    </ClCompile>
    <ClCompile Include="..\sound\OggVorbis\vorbissrc\floor1.c">
      <Filter>vorbissrc</Filter>
    </ClCompile>
    <ClCompile Include="..\sound\OggVorbis\vorbissrc\info.c">
      <Filter>vorbissrc</Filter>
    </ClCompile>
    <ClCompile Include="..\sound\OggVorbis\vorbissrc\lookup.c">
      <Filter>vorbissrc</Filter>
    </ClCompile>
    <ClCompile Include="..\sound\OggVorbis\vorbissrc\lpc.c">
      <Filter>vorbissrc</Filter>
    </ClCompile>
    <ClCompile Include="..\sound\OggVorbis\vorbissrc\lsp.c">
      <Filter>vorbissrc</Filter>
    </ClCompile>
    <ClCompile Include="..\sound\OggVorbis\vorbissrc\mapping0.c">
      <Filter>vorbissrc</Filter>
    </ClCompile>
    <ClCompile Include="..\sound\OggVorbis\vorbissrc\mdct.c">
      <Filter>vorbissrc</Filter>
    </ClCompile>
    <ClCompile Include="..\sound\OggVorbis\vorbissrc\psy.c">
      <Filter>vorbissrc</Filter>
    </ClCompile>
    <ClCompile Include="..\sound\OggVorbis\vorbissrc\registry.c">
      <Filter>vorbissrc</Filter>
    </ClCompile>
    <ClCompile Include="..\sound\OggVorbis\vorbissrc\res0.c">
      <Filter>vorbissrc</Filter>
    </ClCompile>
    <ClCompile Include="..\sound\OggVorbis\vorbissrc\sharedbook.c">
      <Filter>vorbissrc</Filter>
    </ClCompile>
    <ClCompile Include="..\sound\OggVorbis\vorbissrc\smallft.c">
      <Filter>vorbissrc</Filter>
    </ClCompile>
    <ClCompile Include="..\sound\OggVorbis\vorbissrc\synthesis.c">
      <Filter>vorbissrc</Filter>
    </ClCompile>
    <ClCompile Include="..\sound\OggVorbis\vorbissrc\vorbisenc.c">
      <Filter>vorbissrc</Filter>
    </ClCompile>
    <ClCompile Include="..\sound\OggVorbis\vorbissrc\vorbisfile.c">
      <Filter>vorbissrc</Filter>
    </ClCompile>
    <ClCompile Include="..\sound\OggVorbis\vorbissrc\windowvb.c">
      <Filter>vorbissrc</Filter>
    </ClCompile>
    <ClCompile Include="..\lib\curl\amigaos.c">
      <Filter>curl</Filter>
    </ClCompile>
    <ClCompile Include="..\lib\curl\asyn-ares.c">
      <Filter>curl</Filter>
    </ClCompile>
    <ClCompile Include="..\lib\curl\asyn-thread.c">
      <Filter>curl</Filter>
    </ClCompile>
    <ClCompile Include="..\lib\curl\base64.c">
      <Filter>curl</Filter>
    </ClCompile>
    <ClCompile Include="..\lib\curl\bundles.c">
      <Filter>curl</Filter>
    </ClCompile>
    <ClCompile Include="..\lib\curl\conncache.c">
      <Filter>curl</Filter>
    </ClCompile>
    <ClCompile Include="..\lib\curl\connect.c">
      <Filter>curl</Filter>
    </ClCompile>
    <ClCompile Include="..\lib\curl\content_encoding.c">
      <Filter>curl</Filter>
    </ClCompile>
    <ClCompile Include="..\lib\curl\cookie.c">
      <Filter>curl</Filter>
    </ClCompile>
    <ClCompile Include="..\lib\curl\curl_addrinfo.c">
      <Filter>curl</Filter>
    </ClCompile>
    <ClCompile Include="..\lib\curl\curl_fnmatch.c">
      <Filter>curl</Filter>
    </ClCompile>
    <ClCompile Include="..\lib\curl\curl_gethostname.c">
      <Filter>curl</Filter>
    </ClCompile>
    <ClCompile Include="..\lib\curl\curl_gssapi.c">
      <Filter>curl</Filter>
    </ClCompile>
    <ClCompile Include="..\lib\curl\curl_memrchr.c">
      <Filter>curl</Filter>
    </ClCompile>
    <ClCompile Include="..\lib\curl\curl_multibyte.c">
      <Filter>curl</Filter>
    </ClCompile>
    <ClCompile Include="..\lib\curl\curl_ntlm.c">
      <Filter>curl</Filter>
    </ClCompile>
    <ClCompile Include="..\lib\curl\curl_ntlm_core.c">
      <Filter>curl</Filter>
    </ClCompile>
    <ClCompile Include="..\lib\curl\curl_ntlm_msgs.c">
      <Filter>curl</Filter>
    </ClCompile>
    <ClCompile Include="..\lib\curl\curl_ntlm_wb.c">
      <Filter>curl</Filter>
    </ClCompile>
    <ClCompile Include="..\lib\curl\curl_rtmp.c">
      <Filter>curl</Filter>
    </ClCompile>
    <ClCompile Include="..\lib\curl\curl_sasl.c">
      <Filter>curl</Filter>
    </ClCompile>
    <ClCompile Include="..\lib\curl\curl_sasl_sspi.c">
      <Filter>curl</Filter>
    </ClCompile>
    <ClCompile Include="..\lib\curl\curl_sspi.c">
      <Filter>curl</Filter>
    </ClCompile>
    <ClCompile Include="..\lib\curl\curl_threads.c">
      <Filter>curl</Filter>
    </ClCompile>
    <ClCompile Include="..\lib\curl\dict.c">
      <Filter>curl</Filter>
    </ClCompile>
    <ClCompile Include="..\lib\curl\dotdot.c">
      <Filter>curl</Filter>
    </ClCompile>
    <ClCompile Include="..\lib\curl\easy.c">
      <Filter>curl</Filter>
    </ClCompile>
    <ClCompile Include="..\lib\curl\escape.c">
      <Filter>curl</Filter>
    </ClCompile>
    <ClCompile Include="..\lib\curl\file.c">
      <Filter>curl</Filter>
    </ClCompile>
    <ClCompile Include="..\lib\curl\fileinfo.c">
      <Filter>curl</Filter>
    </ClCompile>
    <ClCompile Include="..\lib\curl\formdata.c">
      <Filter>curl</Filter>
    </ClCompile>
    <ClCompile Include="..\lib\curl\ftp.c">
      <Filter>curl</Filter>
    </ClCompile>
    <ClCompile Include="..\lib\curl\ftplistparser.c">
      <Filter>curl</Filter>
    </ClCompile>
    <ClCompile Include="..\lib\curl\getenv.c">
      <Filter>curl</Filter>
    </ClCompile>
    <ClCompile Include="..\lib\curl\getinfo.c">
      <Filter>curl</Filter>
    </ClCompile>
    <ClCompile Include="..\lib\curl\gopher.c">
      <Filter>curl</Filter>
    </ClCompile>
    <ClCompile Include="..\lib\curl\hash.c">
      <Filter>curl</Filter>
    </ClCompile>
    <ClCompile Include="..\lib\curl\hmac.c">
      <Filter>curl</Filter>
    </ClCompile>
    <ClCompile Include="..\lib\curl\hostasyn.c">
      <Filter>curl</Filter>
    </ClCompile>
    <ClCompile Include="..\lib\curl\hostcheck.c">
      <Filter>curl</Filter>
    </ClCompile>
    <ClCompile Include="..\lib\curl\hostip.c">
      <Filter>curl</Filter>
    </ClCompile>
    <ClCompile Include="..\lib\curl\hostip4.c">
      <Filter>curl</Filter>
    </ClCompile>
    <ClCompile Include="..\lib\curl\hostip6.c">
      <Filter>curl</Filter>
    </ClCompile>
    <ClCompile Include="..\lib\curl\hostsyn.c">
      <Filter>curl</Filter>
    </ClCompile>
    <ClCompile Include="..\lib\curl\http.c">
      <Filter>curl</Filter>
    </ClCompile>
    <ClCompile Include="..\lib\curl\http2.c">
      <Filter>curl</Filter>
    </ClCompile>
    <ClCompile Include="..\lib\curl\http_chunks.c">
      <Filter>curl</Filter>
    </ClCompile>
    <ClCompile Include="..\lib\curl\http_digest.c">
      <Filter>curl</Filter>
    </ClCompile>
    <ClCompile Include="..\lib\curl\http_negotiate.c">
      <Filter>curl</Filter>
    </ClCompile>
    <ClCompile Include="..\lib\curl\http_negotiate_sspi.c">
      <Filter>curl</Filter>
    </ClCompile>
    <ClCompile Include="..\lib\curl\http_proxy.c">
      <Filter>curl</Filter>
    </ClCompile>
    <ClCompile Include="..\lib\curl\idn_win32.c">
      <Filter>curl</Filter>
    </ClCompile>
    <ClCompile Include="..\lib\curl\if2ip.c">
      <Filter>curl</Filter>
    </ClCompile>
    <ClCompile Include="..\lib\curl\imap.c">
      <Filter>curl</Filter>
    </ClCompile>
    <ClCompile Include="..\lib\curl\inet_ntop.c">
      <Filter>curl</Filter>
    </ClCompile>
    <ClCompile Include="..\lib\curl\inet_pton.c">
      <Filter>curl</Filter>
    </ClCompile>
    <ClCompile Include="..\lib\curl\krb5.c">
      <Filter>curl</Filter>
    </ClCompile>
    <ClCompile Include="..\lib\curl\ldap.c">
      <Filter>curl</Filter>
    </ClCompile>
    <ClCompile Include="..\lib\curl\llist.c">
      <Filter>curl</Filter>
    </ClCompile>
    <ClCompile Include="..\lib\curl\md4.c">
      <Filter>curl</Filter>
    </ClCompile>
    <ClCompile Include="..\lib\curl\md5.c">
      <Filter>curl</Filter>
    </ClCompile>
    <ClCompile Include="..\lib\curl\memdebug.c">
      <Filter>curl</Filter>
    </ClCompile>
    <ClCompile Include="..\lib\curl\mprintf.c">
      <Filter>curl</Filter>
    </ClCompile>
    <ClCompile Include="..\lib\curl\multi.c">
      <Filter>curl</Filter>
    </ClCompile>
    <ClCompile Include="..\lib\curl\netrc.c">
      <Filter>curl</Filter>
    </ClCompile>
    <ClCompile Include="..\lib\curl\non-ascii.c">
      <Filter>curl</Filter>
    </ClCompile>
    <ClCompile Include="..\lib\curl\nonblock.c">
      <Filter>curl</Filter>
    </ClCompile>
    <ClCompile Include="..\lib\curl\nwlib.c">
      <Filter>curl</Filter>
    </ClCompile>
    <ClCompile Include="..\lib\curl\nwos.c">
      <Filter>curl</Filter>
    </ClCompile>
    <ClCompile Include="..\lib\curl\openldap.c">
      <Filter>curl</Filter>
    </ClCompile>
    <ClCompile Include="..\lib\curl\parsedate.c">
      <Filter>curl</Filter>
    </ClCompile>
    <ClCompile Include="..\lib\curl\pingpong.c">
      <Filter>curl</Filter>
    </ClCompile>
    <ClCompile Include="..\lib\curl\pipeline.c">
      <Filter>curl</Filter>
    </ClCompile>
    <ClCompile Include="..\lib\curl\pop3.c">
      <Filter>curl</Filter>
    </ClCompile>
    <ClCompile Include="..\lib\curl\progress.c">
      <Filter>curl</Filter>
    </ClCompile>
    <ClCompile Include="..\lib\curl\rawstr.c">
      <Filter>curl</Filter>
    </ClCompile>
    <ClCompile Include="..\lib\curl\rtsp.c">
      <Filter>curl</Filter>
    </ClCompile>
    <ClCompile Include="..\lib\curl\security.c">
      <Filter>curl</Filter>
    </ClCompile>
    <ClCompile Include="..\lib\curl\select.c">
      <Filter>curl</Filter>
    </ClCompile>
    <ClCompile Include="..\lib\curl\sendf.c">
      <Filter>curl</Filter>
    </ClCompile>
    <ClCompile Include="..\lib\curl\share.c">
      <Filter>curl</Filter>
    </ClCompile>
    <ClCompile Include="..\lib\curl\slist.c">
      <Filter>curl</Filter>
    </ClCompile>
    <ClCompile Include="..\lib\curl\smtp.c">
      <Filter>curl</Filter>
    </ClCompile>
    <ClCompile Include="..\lib\curl\socks.c">
      <Filter>curl</Filter>
    </ClCompile>
    <ClCompile Include="..\lib\curl\socks_gssapi.c">
      <Filter>curl</Filter>
    </ClCompile>
    <ClCompile Include="..\lib\curl\socks_sspi.c">
      <Filter>curl</Filter>
    </ClCompile>
    <ClCompile Include="..\lib\curl\speedcheck.c">
      <Filter>curl</Filter>
    </ClCompile>
    <ClCompile Include="..\lib\curl\splay.c">
      <Filter>curl</Filter>
    </ClCompile>
    <ClCompile Include="..\lib\curl\ssh.c">
      <Filter>curl</Filter>
    </ClCompile>
    <ClCompile Include="..\lib\curl\strdup.c">
      <Filter>curl</Filter>
    </ClCompile>
    <ClCompile Include="..\lib\curl\strequal.c">
      <Filter>curl</Filter>
    </ClCompile>
    <ClCompile Include="..\lib\curl\strerror.c">
      <Filter>curl</Filter>
    </ClCompile>
    <ClCompile Include="..\lib\curl\strtok.c">
      <Filter>curl</Filter>
    </ClCompile>
    <ClCompile Include="..\lib\curl\strtoofft.c">
      <Filter>curl</Filter>
    </ClCompile>
    <ClCompile Include="..\lib\curl\telnet.c">
      <Filter>curl</Filter>
    </ClCompile>
    <ClCompile Include="..\lib\curl\tftp.c">
      <Filter>curl</Filter>
    </ClCompile>
    <ClCompile Include="..\lib\curl\timeval.c">
      <Filter>curl</Filter>
    </ClCompile>
    <ClCompile Include="..\lib\curl\transfer.c">
      <Filter>curl</Filter>
    </ClCompile>
    <ClCompile Include="..\lib\curl\url.c">
      <Filter>curl</Filter>
    </ClCompile>
    <ClCompile Include="..\lib\curl\version.c">
      <Filter>curl</Filter>
    </ClCompile>
    <ClCompile Include="..\lib\curl\vtls\axtls.c">
      <Filter>curl</Filter>
    </ClCompile>
    <ClCompile Include="..\lib\curl\vtls\curl_darwinssl.c">
      <Filter>curl</Filter>
    </ClCompile>
    <ClCompile Include="..\lib\curl\vtls\curl_schannel.c">
      <Filter>curl</Filter>
    </ClCompile>
    <ClCompile Include="..\lib\curl\vtls\cyassl.c">
      <Filter>curl</Filter>
    </ClCompile>
    <ClCompile Include="..\lib\curl\vtls\gskit.c">
      <Filter>curl</Filter>
    </ClCompile>
    <ClCompile Include="..\lib\curl\vtls\gtls.c">
      <Filter>curl</Filter>
    </ClCompile>
    <ClCompile Include="..\lib\curl\vtls\nss.c">
      <Filter>curl</Filter>
    </ClCompile>
    <ClCompile Include="..\lib\curl\vtls\openssl.c">
      <Filter>curl</Filter>
    </ClCompile>
    <ClCompile Include="..\lib\curl\vtls\polarssl.c">
      <Filter>curl</Filter>
    </ClCompile>
    <ClCompile Include="..\lib\curl\vtls\polarssl_threadlock.c">
      <Filter>curl</Filter>
    </ClCompile>
    <ClCompile Include="..\lib\curl\vtls\vtls.c">
      <Filter>curl</Filter>
    </ClCompile>
    <ClCompile Include="..\lib\curl\warnless.c">
      <Filter>curl</Filter>
    </ClCompile>
    <ClCompile Include="..\lib\curl\wildcard.c">
      <Filter>curl</Filter>
    </ClCompile>
    <ClCompile Include="..\lib\curl\x509asn1.c">
      <Filter>curl</Filter>
    </ClCompile>
    <ClCompile Include="zlib.cpp" />
    <ClCompile Include="openal-soft\OpenAL32\alError.c">
      <Filter>openal</Filter>
    </ClCompile>
    <ClCompile Include="openal-soft\OpenAL32\alAuxEffectSlot.c">
      <Filter>openal</Filter>
    </ClCompile>
    <ClCompile Include="openal-soft\OpenAL32\alBuffer.c">
      <Filter>openal</Filter>
    </ClCompile>
    <ClCompile Include="openal-soft\OpenAL32\alEffect.c">
      <Filter>openal</Filter>
    </ClCompile>
    <ClCompile Include="openal-soft\OpenAL32\alExtension.c">
      <Filter>openal</Filter>
    </ClCompile>
    <ClCompile Include="openal-soft\OpenAL32\alFilter.c">
      <Filter>openal</Filter>
    </ClCompile>
    <ClCompile Include="openal-soft\OpenAL32\alListener.c">
      <Filter>openal</Filter>
    </ClCompile>
    <ClCompile Include="openal-soft\OpenAL32\alSource.c">
      <Filter>openal</Filter>
    </ClCompile>
    <ClCompile Include="openal-soft\OpenAL32\alState.c">
      <Filter>openal</Filter>
    </ClCompile>
    <ClCompile Include="openal-soft\OpenAL32\alThunk.c">
      <Filter>openal</Filter>
    </ClCompile>
    <ClCompile Include="openal-soft\OpenAL32\sample_cvt.c">
      <Filter>openal</Filter>
    </ClCompile>
    <ClCompile Include="openal-soft\Alc\ALc.c">
      <Filter>openal</Filter>
    </ClCompile>
    <ClCompile Include="openal-soft\Alc\alcConfig.c">
      <Filter>openal</Filter>
    </ClCompile>
    <ClCompile Include="openal-soft\Alc\alcRing.c">
      <Filter>openal</Filter>
    </ClCompile>
    <ClCompile Include="openal-soft\Alc\ALu.c">
      <Filter>openal</Filter>
    </ClCompile>
    <ClCompile Include="openal-soft\Alc\ambdec.c">
      <Filter>openal</Filter>
    </ClCompile>
    <ClCompile Include="openal-soft\Alc\bformatdec.c">
      <Filter>openal</Filter>
    </ClCompile>
    <ClCompile Include="openal-soft\Alc\bs2b.c">
      <Filter>openal</Filter>
    </ClCompile>
    <ClCompile Include="openal-soft\Alc\converter.c">
      <Filter>openal</Filter>
    </ClCompile>
    <ClCompile Include="openal-soft\Alc\helpers.c">
      <Filter>openal</Filter>
    </ClCompile>
    <ClCompile Include="openal-soft\Alc\hrtf.c">
      <Filter>openal</Filter>
    </ClCompile>
    <ClCompile Include="openal-soft\Alc\mastering.c">
      <Filter>openal</Filter>
    </ClCompile>
    <ClCompile Include="openal-soft\Alc\mixer.c">
      <Filter>openal</Filter>
    </ClCompile>
    <ClCompile Include="openal-soft\Alc\mixer_c.c">
      <Filter>openal</Filter>
    </ClCompile>
    <ClCompile Include="openal-soft\Alc\mixer_sse.c">
      <Filter>openal</Filter>
    </ClCompile>
    <ClCompile Include="openal-soft\Alc\mixer_sse2.c">
      <Filter>openal</Filter>
    </ClCompile>
    <ClCompile Include="openal-soft\Alc\mixer_sse3.c">
      <Filter>openal</Filter>
    </ClCompile>
    <ClCompile Include="openal-soft\Alc\mixer_sse41.c">
      <Filter>openal</Filter>
    </ClCompile>
    <ClCompile Include="openal-soft\Alc\nfcfilter.c">
      <Filter>openal</Filter>
    </ClCompile>
    <ClCompile Include="openal-soft\Alc\panning.c">
      <Filter>openal</Filter>
    </ClCompile>
    <ClCompile Include="openal-soft\Alc\uhjfilter.c">
      <Filter>openal</Filter>
    </ClCompile>
    <ClCompile Include="openal-soft\Alc\effects\flanger.c">
      <Filter>openal</Filter>
    </ClCompile>
    <ClCompile Include="openal-soft\Alc\effects\chorus.c">
      <Filter>openal</Filter>
    </ClCompile>
    <ClCompile Include="openal-soft\Alc\effects\compressor.c">
      <Filter>openal</Filter>
    </ClCompile>
    <ClCompile Include="openal-soft\Alc\effects\dedicated.c">
      <Filter>openal</Filter>
    </ClCompile>
    <ClCompile Include="openal-soft\Alc\effects\distortion.c">
      <Filter>openal</Filter>
    </ClCompile>
    <ClCompile Include="openal-soft\Alc\effects\echo.c">
      <Filter>openal</Filter>
    </ClCompile>
    <ClCompile Include="openal-soft\Alc\effects\equalizer.c">
      <Filter>openal</Filter>
    </ClCompile>
    <ClCompile Include="openal-soft\Alc\effects\modulator.c">
      <Filter>openal</Filter>
    </ClCompile>
    <ClCompile Include="openal-soft\Alc\effects\reverb.c">
      <Filter>openal</Filter>
    </ClCompile>
    <ClCompile Include="openal-soft\common\almalloc.c">
      <Filter>openal</Filter>
    </ClCompile>
    <ClCompile Include="openal-soft\common\atomic.c">
      <Filter>openal</Filter>
    </ClCompile>
    <ClCompile Include="openal-soft\common\rwlock.c">
      <Filter>openal</Filter>
    </ClCompile>
    <ClCompile Include="openal-soft\common\threads.c">
      <Filter>openal</Filter>
    </ClCompile>
    <ClCompile Include="openal-soft\common\uintmap.c">
      <Filter>openal</Filter>
    </ClCompile>
    <ClCompile Include="openal-soft\Alc\backends\base.c">
      <Filter>openal</Filter>
    </ClCompile>
    <ClCompile Include="openal-soft\Alc\backends\loopback.c">
      <Filter>openal</Filter>
    </ClCompile>
    <ClCompile Include="openal-soft\Alc\backends\mmdevapi.c">
      <Filter>openal</Filter>
    </ClCompile>
    <ClCompile Include="openal-soft\Alc\backends\wave.c">
      <Filter>openal</Filter>
    </ClCompile>
    <ClCompile Include="openal-soft\Alc\backends\winmm.c">
      <Filter>openal</Filter>
    </ClCompile>
    <ClCompile Include="openal-soft\Alc\backends\null.c">
      <Filter>openal</Filter>
    </ClCompile>
    <ClCompile Include="openal-soft\Alc\effects\null.c">
      <Filter>openal</Filter>
    </ClCompile>
    <ClCompile Include="..\lib\libpng\png.c">
      <Filter>libpng</Filter>
    </ClCompile>
    <ClCompile Include="..\lib\libpng\pngerror.c">
      <Filter>libpng</Filter>
    </ClCompile>
    <ClCompile Include="..\lib\libpng\pngget.c">
      <Filter>libpng</Filter>
    </ClCompile>
    <ClCompile Include="..\lib\libpng\pngmem.c">
      <Filter>libpng</Filter>
    </ClCompile>
    <ClCompile Include="..\lib\libpng\pngpread.c">
      <Filter>libpng</Filter>
    </ClCompile>
    <ClCompile Include="..\lib\libpng\pngread.c">
      <Filter>libpng</Filter>
    </ClCompile>
    <ClCompile Include="..\lib\libpng\pngrio.c">
      <Filter>libpng</Filter>
    </ClCompile>
    <ClCompile Include="..\lib\libpng\pngrtran.c">
      <Filter>libpng</Filter>
    </ClCompile>
    <ClCompile Include="..\lib\libpng\pngrutil.c">
      <Filter>libpng</Filter>
    </ClCompile>
    <ClCompile Include="..\lib\libpng\pngset.c">
      <Filter>libpng</Filter>
    </ClCompile>
    <ClCompile Include="..\lib\libpng\pngtrans.c">
      <Filter>libpng</Filter>
    </ClCompile>
    <ClCompile Include="..\lib\libpng\pngwio.c">
      <Filter>libpng</Filter>
    </ClCompile>
    <ClCompile Include="..\lib\libpng\pngwrite.c">
      <Filter>libpng</Filter>
    </ClCompile>
    <ClCompile Include="..\lib\libpng\pngwtran.c">
      <Filter>libpng</Filter>
    </ClCompile>
    <ClCompile Include="..\lib\libpng\pngwutil.c">
      <Filter>libpng</Filter>
    </ClCompile>
    <ClCompile Include="..\lib\libjpeg\cdjpeg.c">
      <Filter>libjpeg</Filter>
    </ClCompile>
    <ClCompile Include="..\lib\libjpeg\jaricom.c">
      <Filter>libjpeg</Filter>
    </ClCompile>
    <ClCompile Include="..\lib\libjpeg\jcapimin.c">
      <Filter>libjpeg</Filter>
    </ClCompile>
    <ClCompile Include="..\lib\libjpeg\jcapistd.c">
      <Filter>libjpeg</Filter>
    </ClCompile>
    <ClCompile Include="..\lib\libjpeg\jcarith.c">
      <Filter>libjpeg</Filter>
    </ClCompile>
    <ClCompile Include="..\lib\libjpeg\jccoefct.c">
      <Filter>libjpeg</Filter>
    </ClCompile>
    <ClCompile Include="..\lib\libjpeg\jccolor.c">
      <Filter>libjpeg</Filter>
    </ClCompile>
    <ClCompile Include="..\lib\libjpeg\jcdctmgr.c">
      <Filter>libjpeg</Filter>
    </ClCompile>
    <ClCompile Include="..\lib\libjpeg\jchuff.c">
      <Filter>libjpeg</Filter>
    </ClCompile>
    <ClCompile Include="..\lib\libjpeg\jcinit.c">
      <Filter>libjpeg</Filter>
    </ClCompile>
    <ClCompile Include="..\lib\libjpeg\jcmainct.c">
      <Filter>libjpeg</Filter>
    </ClCompile>
    <ClCompile Include="..\lib\libjpeg\jcmarker.c">
      <Filter>libjpeg</Filter>
    </ClCompile>
    <ClCompile Include="..\lib\libjpeg\jcmaster.c">
      <Filter>libjpeg</Filter>
    </ClCompile>
    <ClCompile Include="..\lib\libjpeg\jcomapi.c">
      <Filter>libjpeg</Filter>
    </ClCompile>
    <ClCompile Include="..\lib\libjpeg\jcparam.c">
      <Filter>libjpeg</Filter>
    </ClCompile>
    <ClCompile Include="..\lib\libjpeg\jcprepct.c">
      <Filter>libjpeg</Filter>
    </ClCompile>
    <ClCompile Include="..\lib\libjpeg\jcsample.c">
      <Filter>libjpeg</Filter>
    </ClCompile>
    <ClCompile Include="..\lib\libjpeg\jctrans.c">
      <Filter>libjpeg</Filter>
    </ClCompile>
    <ClCompile Include="..\lib\libjpeg\jdapimin.c">
      <Filter>libjpeg</Filter>
    </ClCompile>
    <ClCompile Include="..\lib\libjpeg\jdapistd.c">
      <Filter>libjpeg</Filter>
    </ClCompile>
    <ClCompile Include="..\lib\libjpeg\jdarith.c">
      <Filter>libjpeg</Filter>
    </ClCompile>
    <ClCompile Include="..\lib\libjpeg\jdatadst.c">
      <Filter>libjpeg</Filter>
    </ClCompile>
    <ClCompile Include="..\lib\libjpeg\jdatasrc.c">
      <Filter>libjpeg</Filter>
    </ClCompile>
    <ClCompile Include="..\lib\libjpeg\jdcoefct.c">
      <Filter>libjpeg</Filter>
    </ClCompile>
    <ClCompile Include="..\lib\libjpeg\jdcolor.c">
      <Filter>libjpeg</Filter>
    </ClCompile>
    <ClCompile Include="..\lib\libjpeg\jddctmgr.c">
      <Filter>libjpeg</Filter>
    </ClCompile>
    <ClCompile Include="..\lib\libjpeg\jdhuff.c">
      <Filter>libjpeg</Filter>
    </ClCompile>
    <ClCompile Include="..\lib\libjpeg\jdinput.c">
      <Filter>libjpeg</Filter>
    </ClCompile>
    <ClCompile Include="..\lib\libjpeg\jdmainct.c">
      <Filter>libjpeg</Filter>
    </ClCompile>
    <ClCompile Include="..\lib\libjpeg\jdmarker.c">
      <Filter>libjpeg</Filter>
    </ClCompile>
    <ClCompile Include="..\lib\libjpeg\jdmaster.c">
      <Filter>libjpeg</Filter>
    </ClCompile>
    <ClCompile Include="..\lib\libjpeg\jdmerge.c">
      <Filter>libjpeg</Filter>
    </ClCompile>
    <ClCompile Include="..\lib\libjpeg\jdpostct.c">
      <Filter>libjpeg</Filter>
    </ClCompile>
    <ClCompile Include="..\lib\libjpeg\jdsample.c">
      <Filter>libjpeg</Filter>
    </ClCompile>
    <ClCompile Include="..\lib\libjpeg\jdtrans.c">
      <Filter>libjpeg</Filter>
    </ClCompile>
    <ClCompile Include="..\lib\libjpeg\jerror.c">
      <Filter>libjpeg</Filter>
    </ClCompile>
    <ClCompile Include="..\lib\libjpeg\jfdctflt.c">
      <Filter>libjpeg</Filter>
    </ClCompile>
    <ClCompile Include="..\lib\libjpeg\jfdctfst.c">
      <Filter>libjpeg</Filter>
    </ClCompile>
    <ClCompile Include="..\lib\libjpeg\jfdctint.c">
      <Filter>libjpeg</Filter>
    </ClCompile>
    <ClCompile Include="..\lib\libjpeg\jidctflt.c">
      <Filter>libjpeg</Filter>
    </ClCompile>
    <ClCompile Include="..\lib\libjpeg\jidctfst.c">
      <Filter>libjpeg</Filter>
    </ClCompile>
    <ClCompile Include="..\lib\libjpeg\jidctint.c">
      <Filter>libjpeg</Filter>
    </ClCompile>
    <ClCompile Include="..\lib\libjpeg\jmemmgr.c">
      <Filter>libjpeg</Filter>
    </ClCompile>
    <ClCompile Include="..\lib\libjpeg\jmemnobs.c">
      <Filter>libjpeg</Filter>
    </ClCompile>
    <ClCompile Include="..\lib\libjpeg\jquant1.c">
      <Filter>libjpeg</Filter>
    </ClCompile>
    <ClCompile Include="..\lib\libjpeg\jquant2.c">
      <Filter>libjpeg</Filter>
    </ClCompile>
    <ClCompile Include="..\lib\libjpeg\jutils.c">
      <Filter>libjpeg</Filter>
    </ClCompile>
    <ClCompile Include="..\lib\libjpeg\transupp.c">
      <Filter>libjpeg</Filter>
    </ClCompile>
    <ClCompile Include="ffmpeg.cpp" />
  </ItemGroup>
  <ItemGroup>
    <Filter Include="ogg">
      <UniqueIdentifier>{d1c3efb8-e027-4a0d-b301-e6d846f880e8}</UniqueIdentifier>
    </Filter>
    <Filter Include="oggsrc">
      <UniqueIdentifier>{8fdfdb98-45dd-441d-9205-760d58cd75ea}</UniqueIdentifier>
    </Filter>
    <Filter Include="vorbis">
      <UniqueIdentifier>{24280037-3706-4a0d-9780-5517afa827f4}</UniqueIdentifier>
    </Filter>
    <Filter Include="vorbissrc">
      <UniqueIdentifier>{26951184-0328-4256-8ddc-8d85874be3af}</UniqueIdentifier>
    </Filter>
    <Filter Include="vorbissrc\books">
      <UniqueIdentifier>{b22b653a-66e8-40cc-a3b6-02d666af958c}</UniqueIdentifier>
    </Filter>
    <Filter Include="vorbissrc\modes">
      <UniqueIdentifier>{49426bcc-ab8e-497e-ba82-6f823b937aeb}</UniqueIdentifier>
    </Filter>
    <Filter Include="curl">
      <UniqueIdentifier>{b3186ed4-e73d-4c5a-83ca-c5b55dedc972}</UniqueIdentifier>
    </Filter>
    <Filter Include="openal">
      <UniqueIdentifier>{a1d038f9-eb1f-457b-aad5-9dec8df698fd}</UniqueIdentifier>
    </Filter>
    <Filter Include="libpng">
      <UniqueIdentifier>{ffda39a7-27b8-4b37-bd89-03ec44a391e4}</UniqueIdentifier>
    </Filter>
    <Filter Include="libjpeg">
      <UniqueIdentifier>{5b29e15c-afbc-4d20-9dba-d8c5e7d04baf}</UniqueIdentifier>
    </Filter>
  </ItemGroup>
  <ItemGroup>
    <None Include="..\sound\OggVorbis\vorbissrc\lookups.pl">
      <Filter>vorbissrc</Filter>
    </None>
    <None Include="..\lib\curl\objnames.inc">
      <Filter>curl</Filter>
    </None>
  </ItemGroup>
  <ItemGroup>
    <ResourceCompile Include="..\lib\curl\libcurl.rc">
      <Filter>curl</Filter>
    </ResourceCompile>
  </ItemGroup>
</Project>